
Microsoft Visual Studio Solution File, Format Version 12.00
# Visual Studio Version 16
VisualStudioVersion = 16.0.810.20
MinimumVisualStudioVersion = 10.0.40219.1
Project("{FAE04EC0-301F-11D3-BF4B-00C04F79EFBC}") = "Assembly-CSharp-firstpass", "Assembly-CSharp-firstpass.csproj", "{EEAEB31C-AD97-3B5B-843B-12A4A756F15D}"
EndProject
Global
	GlobalSection(SolutionConfigurationPlatforms) = preSolution
		Debug|Any CPU = Debug|Any CPU
		Release|Any CPU = Release|Any CPU
	EndGlobalSection
	GlobalSection(ProjectConfigurationPlatforms) = postSolution
		{EEAEB31C-AD97-3B5B-843B-12A4A756F15D}.Debug|Any CPU.ActiveCfg = Debug|Any CPU
		{EEAEB31C-AD97-3B5B-843B-12A4A756F15D}.Debug|Any CPU.Build.0 = Debug|Any CPU
		{EEAEB31C-AD97-3B5B-843B-12A4A756F15D}.Release|Any CPU.ActiveCfg = Release|Any CPU
		{EEAEB31C-AD97-3B5B-843B-12A4A756F15D}.Release|Any CPU.Build.0 = Release|Any CPU
	EndGlobalSection
	GlobalSection(SolutionProperties) = preSolution
		HideSolutionNode = FALSE
	EndGlobalSection
	GlobalSection(ExtensibilityGlobals) = postSolution
		SolutionGuid = {F33D530A-1512-4526-BCCF-3F6FDFA5A54E}
	EndGlobalSection
EndGlobal
